# This file is autogenerated, do not edit; changes may be undone by the next 'dep ensure'.


[[projects]]
  name = "github.com/golang/protobuf"
  packages = ["proto"]
  revision = "925541529c1fa6821df4e44ce2723319eb2be768"
  version = "v1.0.0"

[solve-meta]
  analyzer-name = "dep"
  analyzer-version = 1
  inputs-digest = "28c1bff851e7cda67e596e3c6815bc25fbc7abfa6112bbbd0c556b7eadd599db"
  solver-name = "gps-cdcl"
  solver-version = 1
